{
  "Alibaba": {
    "https://yuque.antfin-inc.com/bar/foo": true,
    "https://yuque.alibaba-inc.com/bar/foo": true,
    "https://admin.aliyun-inc.com/bar/foo": true,
    "https://yuque.antfin.com/bar/foo": false,
    "https://www.alibaba.com/bar/foo": false,
    "https://www.aliyun.com/bar/foo": false,
    "https://www.alipay.com/bar/foo": false,
    "https://www.alipay.net/bar/foo": true,
    "https://intranetproxy.alipay.com/bar/foo": true
  },
  "Github Token": {
    "a3k2k3k3k3k3k3k3k3k3k3k3k3k12k12ksk": true,
    "a3k2k3k3k3k3k3k3k3k3k3k3k3k12k1": false
  }
}
