{
  "Alibaba": {
    "https://yuque.antfin-inc.com/bar/foo": true,
    "https://yuque.alibaba-inc.com/bar/foo": true,
    "https://admin.aliyun-inc.com/bar/foo": true,
    "https://yuque.antfin.com/bar/foo": false,
    "https://www.alibaba.com/bar/foo": false,
    "https://www.aliyun.com/bar/foo": false,
    "https://www.alipay.com/bar/foo": false,
    "https://www.alipay.net/bar/foo": true,
    "https://registry.npm.alibaba-inc.com/@babel/helper-builder-react-jsx-experimental/download/@babel/helper-builder-react-jsx-experimental-7.9.5.tgz": true,
    "https://intranetproxy.alipay.com/bar/foo": true
  },
  "Github Token": {
    "a3k2k3k3k3k3k3k3k3k3k3k3k3k12k12ksk": true,
    "bdb0308f58bc1ea0c132030ac4dc35620cd6de0f": true,
    "a3k2k3k3k3k3k3k3k3k3k3k3k3k12k1": false,
    "特殊情况下interval不满足要求时，需要递归计算 ([5543d488](https://github.com/antvis/f2/commit/5543d488128d90adc63a685ff85747d63b242198))": false
  },
  "WhiteList": {
    ".gitleaks.toml": true,
    "yarn.lock": true,
    "package-lock.json": true,
    "package.json": false,
    "node_modules/test": true
  },
  "Files with keys and credentials": {
    "id_rsa": true,
    "id_rsa.pub": true,
    "shadow": true,
    "passwd": true,
    "password": false
  }
}
