{
  "Alibaba": {
    "https://yuque.antfin-inc.com/bar/foo": true,
    "https://yuque.alibaba-inc.com/bar/foo": true,
    "https://admin.aliyun-inc.com/bar/foo": true,
    "https://yuque.antfin.com/bar/foo": false,
    "https://www.alibaba.com/bar/foo": false,
    "https://www.aliyun.com/bar/foo": false,
    "https://www.alipay.com/bar/foo": false,
    "https://www.alipay.net/bar/foo": true,
    "https://registry.npm.alibaba-inc.com/@babel/helper-builder-react-jsx-experimental/download/@babel/helper-builder-react-jsx-experimental-7.9.5.tgz": true,
    "https://intranetproxy.alipay.com/bar/foo": true
  },
  "Github Token": {
    "a3k2k3k3k3k3k3k3k3k3k3k3k3k12k12ksk": true,
    "a3k2k3k3k3k3k3k3k3k3k3k3k3k12k1": false
  },
  "WhiteList": {
    ".gitleaks.toml": true,
    "yarn.lock": true,
    "package-lock.json": true,
    "package.json": false,
    "node_modules/test": true
  },
  "Files with keys and credentials": {
    "id_rsa": true,
    "id_rsa.pub": true,
    "shadow": true,
    "passwd": true,
    "password": false
  }
}
